
Microsoft Visual Studio Solution File, Format Version 12.00
Project("{F2A71F9B-5D33-465A-A702-920D77279786}") = "Snake", "Snake\Snake.fsproj", "{300C3D8D-FDAD-4FFF-ABAA-2825A196884A}"
EndProject
Global
	GlobalSection(SolutionConfigurationPlatforms) = preSolution
		Debug|Any CPU = Debug|Any CPU
		Release|Any CPU = Release|Any CPU
	EndGlobalSection
	GlobalSection(ProjectConfigurationPlatforms) = postSolution
		{300C3D8D-FDAD-4FFF-ABAA-2825A196884A}.Debug|Any CPU.ActiveCfg = Debug|Any CPU
		{300C3D8D-FDAD-4FFF-ABAA-2825A196884A}.Debug|Any CPU.Build.0 = Debug|Any CPU
		{300C3D8D-FDAD-4FFF-ABAA-2825A196884A}.Release|Any CPU.ActiveCfg = Release|Any CPU
		{300C3D8D-FDAD-4FFF-ABAA-2825A196884A}.Release|Any CPU.Build.0 = Release|Any CPU
	EndGlobalSection
EndGlobal
